// !$*UTF8*$!
{
	archiveVersion = 1;
	classes = {
	};
	objectVersion = 46;
	objects = {

/* Begin PBXBuildFile section */
		B258433B1BAD93CF00180568 /* DetailViewController.swift in Sources */ = {isa = PBXBuildFile; fileRef = B258433A1BAD93CF00180568 /* DetailViewController.swift */; };
		B258435F1BAE126000180568 /* MKButton.swift in Sources */ = {isa = PBXBuildFile; fileRef = B25843581BAE126000180568 /* MKButton.swift */; };
		B25843601BAE126000180568 /* MKColor.swift in Sources */ = {isa = PBXBuildFile; fileRef = B25843591BAE126000180568 /* MKColor.swift */; };
		B25843611BAE126000180568 /* MKImageView.swift in Sources */ = {isa = PBXBuildFile; fileRef = B258435A1BAE126000180568 /* MKImageView.swift */; };
		B25843621BAE126000180568 /* MKLabel.swift in Sources */ = {isa = PBXBuildFile; fileRef = B258435B1BAE126000180568 /* MKLabel.swift */; };
		B25843631BAE126000180568 /* MKLayer.swift in Sources */ = {isa = PBXBuildFile; fileRef = B258435C1BAE126000180568 /* MKLayer.swift */; };
		B25843641BAE126000180568 /* MKTableViewCell.swift in Sources */ = {isa = PBXBuildFile; fileRef = B258435D1BAE126000180568 /* MKTableViewCell.swift */; };
		B25843651BAE126000180568 /* MKTextField.swift in Sources */ = {isa = PBXBuildFile; fileRef = B258435E1BAE126000180568 /* MKTextField.swift */; };
		B2BCCB4F1BAD414300267B94 /* AppDelegate.swift in Sources */ = {isa = PBXBuildFile; fileRef = B2BCCB4E1BAD414300267B94 /* AppDelegate.swift */; };
		B2BCCB511BAD414300267B94 /* ViewController.swift in Sources */ = {isa = PBXBuildFile; fileRef = B2BCCB501BAD414300267B94 /* ViewController.swift */; };
		B2BCCB541BAD414300267B94 /* Main.storyboard in Resources */ = {isa = PBXBuildFile; fileRef = B2BCCB521BAD414300267B94 /* Main.storyboard */; };
		B2BCCB561BAD414300267B94 /* Images.xcassets in Resources */ = {isa = PBXBuildFile; fileRef = B2BCCB551BAD414300267B94 /* Images.xcassets */; };
		B2BCCB591BAD414300267B94 /* LaunchScreen.xib in Resources */ = {isa = PBXBuildFile; fileRef = B2BCCB571BAD414300267B94 /* LaunchScreen.xib */; };
		B2BCCB651BAD414300267B94 /* hack_the_northTests.swift in Sources */ = {isa = PBXBuildFile; fileRef = B2BCCB641BAD414300267B94 /* hack_the_northTests.swift */; };
/* End PBXBuildFile section */

/* Begin PBXContainerItemProxy section */
		B2BCCB5F1BAD414300267B94 /* PBXContainerItemProxy */ = {
			isa = PBXContainerItemProxy;
			containerPortal = B2BCCB411BAD414300267B94 /* Project object */;
			proxyType = 1;
			remoteGlobalIDString = B2BCCB481BAD414300267B94;
			remoteInfo = "hack-the-north";
		};
/* End PBXContainerItemProxy section */

/* Begin PBXFileReference section */
		B258433A1BAD93CF00180568 /* DetailViewController.swift */ = {isa = PBXFileReference; fileEncoding = 4; lastKnownFileType = sourcecode.swift; path = DetailViewController.swift; sourceTree = "<group>"; };
		B25843581BAE126000180568 /* MKButton.swift */ = {isa = PBXFileReference; fileEncoding = 4; lastKnownFileType = sourcecode.swift; path = MKButton.swift; sourceTree = "<group>"; };
		B25843591BAE126000180568 /* MKColor.swift */ = {isa = PBXFileReference; fileEncoding = 4; lastKnownFileType = sourcecode.swift; path = MKColor.swift; sourceTree = "<group>"; };
		B258435A1BAE126000180568 /* MKImageView.swift */ = {isa = PBXFileReference; fileEncoding = 4; lastKnownFileType = sourcecode.swift; path = MKImageView.swift; sourceTree = "<group>"; };
		B258435B1BAE126000180568 /* MKLabel.swift */ = {isa = PBXFileReference; fileEncoding = 4; lastKnownFileType = sourcecode.swift; path = MKLabel.swift; sourceTree = "<group>"; };
		B258435C1BAE126000180568 /* MKLayer.swift */ = {isa = PBXFileReference; fileEncoding = 4; lastKnownFileType = sourcecode.swift; path = MKLayer.swift; sourceTree = "<group>"; };
		B258435D1BAE126000180568 /* MKTableViewCell.swift */ = {isa = PBXFileReference; fileEncoding = 4; lastKnownFileType = sourcecode.swift; path = MKTableViewCell.swift; sourceTree = "<group>"; };
		B258435E1BAE126000180568 /* MKTextField.swift */ = {isa = PBXFileReference; fileEncoding = 4; lastKnownFileType = sourcecode.swift; path = MKTextField.swift; sourceTree = "<group>"; };
		B2BCCB491BAD414300267B94 /* hack-the-north.app */ = {isa = PBXFileReference; explicitFileType = wrapper.application; includeInIndex = 0; path = "hack-the-north.app"; sourceTree = BUILT_PRODUCTS_DIR; };
		B2BCCB4D1BAD414300267B94 /* Info.plist */ = {isa = PBXFileReference; lastKnownFileType = text.plist.xml; path = Info.plist; sourceTree = "<group>"; };
		B2BCCB4E1BAD414300267B94 /* AppDelegate.swift */ = {isa = PBXFileReference; lastKnownFileType = sourcecode.swift; path = AppDelegate.swift; sourceTree = "<group>"; };
		B2BCCB501BAD414300267B94 /* ViewController.swift */ = {isa = PBXFileReference; lastKnownFileType = sourcecode.swift; path = ViewController.swift; sourceTree = "<group>"; };
		B2BCCB531BAD414300267B94 /* Base */ = {isa = PBXFileReference; lastKnownFileType = file.storyboard; name = Base; path = Base.lproj/Main.storyboard; sourceTree = "<group>"; };
		B2BCCB551BAD414300267B94 /* Images.xcassets */ = {isa = PBXFileReference; lastKnownFileType = folder.assetcatalog; path = Images.xcassets; sourceTree = "<group>"; };
		B2BCCB581BAD414300267B94 /* Base */ = {isa = PBXFileReference; lastKnownFileType = file.xib; name = Base; path = Base.lproj/LaunchScreen.xib; sourceTree = "<group>"; };
		B2BCCB5E1BAD414300267B94 /* hack-the-northTests.xctest */ = {isa = PBXFileReference; explicitFileType = wrapper.cfbundle; includeInIndex = 0; path = "hack-the-northTests.xctest"; sourceTree = BUILT_PRODUCTS_DIR; };
		B2BCCB631BAD414300267B94 /* Info.plist */ = {isa = PBXFileReference; lastKnownFileType = text.plist.xml; path = Info.plist; sourceTree = "<group>"; };
		B2BCCB641BAD414300267B94 /* hack_the_northTests.swift */ = {isa = PBXFileReference; lastKnownFileType = sourcecode.swift; path = hack_the_northTests.swift; sourceTree = "<group>"; };
/* End PBXFileReference section */

/* Begin PBXFrameworksBuildPhase section */
		B2BCCB461BAD414300267B94 /* Frameworks */ = {
			isa = PBXFrameworksBuildPhase;
			buildActionMask = 2147483647;
			files = (
			);
			runOnlyForDeploymentPostprocessing = 0;
		};
		B2BCCB5B1BAD414300267B94 /* Frameworks */ = {
			isa = PBXFrameworksBuildPhase;
			buildActionMask = 2147483647;
			files = (
			);
			runOnlyForDeploymentPostprocessing = 0;
		};
/* End PBXFrameworksBuildPhase section */

/* Begin PBXGroup section */
		B25843661BAE12E500180568 /* MK */ = {
			isa = PBXGroup;
			children = (
				B25843581BAE126000180568 /* MKButton.swift */,
				B25843591BAE126000180568 /* MKColor.swift */,
				B258435A1BAE126000180568 /* MKImageView.swift */,
				B258435B1BAE126000180568 /* MKLabel.swift */,
				B258435C1BAE126000180568 /* MKLayer.swift */,
				B258435D1BAE126000180568 /* MKTableViewCell.swift */,
				B258435E1BAE126000180568 /* MKTextField.swift */,
			);
			name = MK;
			sourceTree = "<group>";
		};
		B2BCCB401BAD414300267B94 = {
			isa = PBXGroup;
			children = (
				B2BCCB4B1BAD414300267B94 /* hack-the-north */,
				B2BCCB611BAD414300267B94 /* hack-the-northTests */,
				B2BCCB4A1BAD414300267B94 /* Products */,
			);
			sourceTree = "<group>";
		};
		B2BCCB4A1BAD414300267B94 /* Products */ = {
			isa = PBXGroup;
			children = (
				B2BCCB491BAD414300267B94 /* hack-the-north.app */,
				B2BCCB5E1BAD414300267B94 /* hack-the-northTests.xctest */,
			);
			name = Products;
			sourceTree = "<group>";
		};
		B2BCCB4B1BAD414300267B94 /* hack-the-north */ = {
			isa = PBXGroup;
			children = (
				B2BCCB4E1BAD414300267B94 /* AppDelegate.swift */,
				B258433A1BAD93CF00180568 /* DetailViewController.swift */,
				B2BCCB501BAD414300267B94 /* ViewController.swift */,
				B25843661BAE12E500180568 /* MK */,
				B2BCCB521BAD414300267B94 /* Main.storyboard */,
				B2BCCB551BAD414300267B94 /* Images.xcassets */,
				B2BCCB571BAD414300267B94 /* LaunchScreen.xib */,
				B2BCCB4C1BAD414300267B94 /* Supporting Files */,
			);
			path = "hack-the-north";
			sourceTree = "<group>";
		};
		B2BCCB4C1BAD414300267B94 /* Supporting Files */ = {
			isa = PBXGroup;
			children = (
				B2BCCB4D1BAD414300267B94 /* Info.plist */,
			);
			name = "Supporting Files";
			sourceTree = "<group>";
		};
		B2BCCB611BAD414300267B94 /* hack-the-northTests */ = {
			isa = PBXGroup;
			children = (
				B2BCCB641BAD414300267B94 /* hack_the_northTests.swift */,
				B2BCCB621BAD414300267B94 /* Supporting Files */,
			);
			path = "hack-the-northTests";
			sourceTree = "<group>";
		};
		B2BCCB621BAD414300267B94 /* Supporting Files */ = {
			isa = PBXGroup;
			children = (
				B2BCCB631BAD414300267B94 /* Info.plist */,
			);
			name = "Supporting Files";
			sourceTree = "<group>";
		};
/* End PBXGroup section */

/* Begin PBXNativeTarget section */
		B2BCCB481BAD414300267B94 /* hack-the-north */ = {
			isa = PBXNativeTarget;
			buildConfigurationList = B2BCCB681BAD414300267B94 /* Build configuration list for PBXNativeTarget "hack-the-north" */;
			buildPhases = (
				B2BCCB451BAD414300267B94 /* Sources */,
				B2BCCB461BAD414300267B94 /* Frameworks */,
				B2BCCB471BAD414300267B94 /* Resources */,
			);
			buildRules = (
			);
			dependencies = (
			);
			name = "hack-the-north";
			productName = "hack-the-north";
			productReference = B2BCCB491BAD414300267B94 /* hack-the-north.app */;
			productType = "com.apple.product-type.application";
		};
		B2BCCB5D1BAD414300267B94 /* hack-the-northTests */ = {
			isa = PBXNativeTarget;
			buildConfigurationList = B2BCCB6B1BAD414300267B94 /* Build configuration list for PBXNativeTarget "hack-the-northTests" */;
			buildPhases = (
				B2BCCB5A1BAD414300267B94 /* Sources */,
				B2BCCB5B1BAD414300267B94 /* Frameworks */,
				B2BCCB5C1BAD414300267B94 /* Resources */,
			);
			buildRules = (
			);
			dependencies = (
				B2BCCB601BAD414300267B94 /* PBXTargetDependency */,
			);
			name = "hack-the-northTests";
			productName = "hack-the-northTests";
			productReference = B2BCCB5E1BAD414300267B94 /* hack-the-northTests.xctest */;
			productType = "com.apple.product-type.bundle.unit-test";
		};
/* End PBXNativeTarget section */

/* Begin PBXProject section */
		B2BCCB411BAD414300267B94 /* Project object */ = {
			isa = PBXProject;
			attributes = {
				LastUpgradeCheck = 0640;
				ORGANIZATIONNAME = "Jevin Sidhu";
				TargetAttributes = {
					B2BCCB481BAD414300267B94 = {
						CreatedOnToolsVersion = 6.4;
					};
					B2BCCB5D1BAD414300267B94 = {
						CreatedOnToolsVersion = 6.4;
						TestTargetID = B2BCCB481BAD414300267B94;
					};
				};
			};
			buildConfigurationList = B2BCCB441BAD414300267B94 /* Build configuration list for PBXProject "hack-the-north" */;
			compatibilityVersion = "Xcode 3.2";
			developmentRegion = English;
			hasScannedForEncodings = 0;
			knownRegions = (
				en,
				Base,
			);
			mainGroup = B2BCCB401BAD414300267B94;
			productRefGroup = B2BCCB4A1BAD414300267B94 /* Products */;
			projectDirPath = "";
			projectRoot = "";
			targets = (
				B2BCCB481BAD414300267B94 /* hack-the-north */,
				B2BCCB5D1BAD414300267B94 /* hack-the-northTests */,
			);
		};
/* End PBXProject section */

/* Begin PBXResourcesBuildPhase section */
		B2BCCB471BAD414300267B94 /* Resources */ = {
			isa = PBXResourcesBuildPhase;
			buildActionMask = 2147483647;
			files = (
				B2BCCB541BAD414300267B94 /* Main.storyboard in Resources */,
				B2BCCB591BAD414300267B94 /* LaunchScreen.xib in Resources */,
				B2BCCB561BAD414300267B94 /* Images.xcassets in Resources */,
			);
			runOnlyForDeploymentPostprocessing = 0;
		};
		B2BCCB5C1BAD414300267B94 /* Resources */ = {
			isa = PBXResourcesBuildPhase;
			buildActionMask = 2147483647;
			files = (
			);
			runOnlyForDeploymentPostprocessing = 0;
		};
/* End PBXResourcesBuildPhase section */

/* Begin PBXSourcesBuildPhase section */
		B2BCCB451BAD414300267B94 /* Sources */ = {
			isa = PBXSourcesBuildPhase;
			buildActionMask = 2147483647;
			files = (
				B258433B1BAD93CF00180568 /* DetailViewController.swift in Sources */,
				B25843651BAE126000180568 /* MKTextField.swift in Sources */,
				B258435F1BAE126000180568 /* MKButton.swift in Sources */,
				B25843611BAE126000180568 /* MKImageView.swift in Sources */,
				B2BCCB511BAD414300267B94 /* ViewController.swift in Sources */,
				B25843601BAE126000180568 /* MKColor.swift in Sources */,
				B25843641BAE126000180568 /* MKTableViewCell.swift in Sources */,
				B25843631BAE126000180568 /* MKLayer.swift in Sources */,
				B2BCCB4F1BAD414300267B94 /* AppDelegate.swift in Sources */,
				B25843621BAE126000180568 /* MKLabel.swift in Sources */,
			);
			runOnlyForDeploymentPostprocessing = 0;
		};
		B2BCCB5A1BAD414300267B94 /* Sources */ = {
			isa = PBXSourcesBuildPhase;
			buildActionMask = 2147483647;
			files = (
				B2BCCB651BAD414300267B94 /* hack_the_northTests.swift in Sources */,
			);
			runOnlyForDeploymentPostprocessing = 0;
		};
/* End PBXSourcesBuildPhase section */

/* Begin PBXTargetDependency section */
		B2BCCB601BAD414300267B94 /* PBXTargetDependency */ = {
			isa = PBXTargetDependency;
			target = B2BCCB481BAD414300267B94 /* hack-the-north */;
			targetProxy = B2BCCB5F1BAD414300267B94 /* PBXContainerItemProxy */;
		};
/* End PBXTargetDependency section */

/* Begin PBXVariantGroup section */
		B2BCCB521BAD414300267B94 /* Main.storyboard */ = {
			isa = PBXVariantGroup;
			children = (
				B2BCCB531BAD414300267B94 /* Base */,
			);
			name = Main.storyboard;
			sourceTree = "<group>";
		};
		B2BCCB571BAD414300267B94 /* LaunchScreen.xib */ = {
			isa = PBXVariantGroup;
			children = (
				B2BCCB581BAD414300267B94 /* Base */,
			);
			name = LaunchScreen.xib;
			sourceTree = "<group>";
		};
/* End PBXVariantGroup section */

/* Begin XCBuildConfiguration section */
		B2BCCB661BAD414300267B94 /* Debug */ = {
			isa = XCBuildConfiguration;
			buildSettings = {
				ALWAYS_SEARCH_USER_PATHS = NO;
				CLANG_CXX_LANGUAGE_STANDARD = "gnu++0x";
				CLANG_CXX_LIBRARY = "libc++";
				CLANG_ENABLE_MODULES = YES;
				CLANG_ENABLE_OBJC_ARC = YES;
				CLANG_WARN_BOOL_CONVERSION = YES;
				CLANG_WARN_CONSTANT_CONVERSION = YES;
				CLANG_WARN_DIRECT_OBJC_ISA_USAGE = YES_ERROR;
				CLANG_WARN_EMPTY_BODY = YES;
				CLANG_WARN_ENUM_CONVERSION = YES;
				CLANG_WARN_INT_CONVERSION = YES;
				CLANG_WARN_OBJC_ROOT_CLASS = YES_ERROR;
				CLANG_WARN_UNREACHABLE_CODE = YES;
				CLANG_WARN__DUPLICATE_METHOD_MATCH = YES;
				"CODE_SIGN_IDENTITY[sdk=iphoneos*]" = "iPhone Developer";
				COPY_PHASE_STRIP = NO;
				DEBUG_INFORMATION_FORMAT = "dwarf-with-dsym";
				ENABLE_STRICT_OBJC_MSGSEND = YES;
				GCC_C_LANGUAGE_STANDARD = gnu99;
				GCC_DYNAMIC_NO_PIC = NO;
				GCC_NO_COMMON_BLOCKS = YES;
				GCC_OPTIMIZATION_LEVEL = 0;
				GCC_PREPROCESSOR_DEFINITIONS = (
					"DEBUG=1",
					"$(inherited)",
				);
				GCC_SYMBOLS_PRIVATE_EXTERN = NO;
				GCC_WARN_64_TO_32_BIT_CONVERSION = YES;
				GCC_WARN_ABOUT_RETURN_TYPE = YES_ERROR;
				GCC_WARN_UNDECLARED_SELECTOR = YES;
				GCC_WARN_UNINITIALIZED_AUTOS = YES_AGGRESSIVE;
				GCC_WARN_UNUSED_FUNCTION = YES;
				GCC_WARN_UNUSED_VARIABLE = YES;
				IPHONEOS_DEPLOYMENT_TARGET = 8.4;
				MTL_ENABLE_DEBUG_INFO = YES;
				ONLY_ACTIVE_ARCH = YES;
				SDKROOT = iphoneos;
				SWIFT_OPTIMIZATION_LEVEL = "-Onone";
			};
			name = Debug;
		};
		B2BCCB671BAD414300267B94 /* Release */ = {
			isa = XCBuildConfiguration;
			buildSettings = {
				ALWAYS_SEARCH_USER_PATHS = NO;
				CLANG_CXX_LANGUAGE_STANDARD = "gnu++0x";
				CLANG_CXX_LIBRARY = "libc++";
				CLANG_ENABLE_MODULES = YES;
				CLANG_ENABLE_OBJC_ARC = YES;
				CLANG_WARN_BOOL_CONVERSION = YES;
				CLANG_WARN_CONSTANT_CONVERSION = YES;
				CLANG_WARN_DIRECT_OBJC_ISA_USAGE = YES_ERROR;
				CLANG_WARN_EMPTY_BODY = YES;
				CLANG_WARN_ENUM_CONVERSION = YES;
				CLANG_WARN_INT_CONVERSION = YES;
				CLANG_WARN_OBJC_ROOT_CLASS = YES_ERROR;
				CLANG_WARN_UNREACHABLE_CODE = YES;
				CLANG_WARN__DUPLICATE_METHOD_MATCH = YES;
				"CODE_SIGN_IDENTITY[sdk=iphoneos*]" = "iPhone Developer";
				COPY_PHASE_STRIP = NO;
				DEBUG_INFORMATION_FORMAT = "dwarf-with-dsym";
				ENABLE_NS_ASSERTIONS = NO;
				ENABLE_STRICT_OBJC_MSGSEND = YES;
				GCC_C_LANGUAGE_STANDARD = gnu99;
				GCC_NO_COMMON_BLOCKS = YES;
				GCC_WARN_64_TO_32_BIT_CONVERSION = YES;
				GCC_WARN_ABOUT_RETURN_TYPE = YES_ERROR;
				GCC_WARN_UNDECLARED_SELECTOR = YES;
				GCC_WARN_UNINITIALIZED_AUTOS = YES_AGGRESSIVE;
				GCC_WARN_UNUSED_FUNCTION = YES;
				GCC_WARN_UNUSED_VARIABLE = YES;
				IPHONEOS_DEPLOYMENT_TARGET = 8.4;
				MTL_ENABLE_DEBUG_INFO = NO;
				SDKROOT = iphoneos;
				VALIDATE_PRODUCT = YES;
			};
			name = Release;
		};
		B2BCCB691BAD414300267B94 /* Debug */ = {
			isa = XCBuildConfiguration;
			buildSettings = {
				ASSETCATALOG_COMPILER_APPICON_NAME = AppIcon;
				INFOPLIST_FILE = "hack-the-north/Info.plist";
				LD_RUNPATH_SEARCH_PATHS = "$(inherited) @executable_path/Frameworks";
				PRODUCT_NAME = "$(TARGET_NAME)";
			};
			name = Debug;
		};
		B2BCCB6A1BAD414300267B94 /* Release */ = {
			isa = XCBuildConfiguration;
			buildSettings = {
				ASSETCATALOG_COMPILER_APPICON_NAME = AppIcon;
				INFOPLIST_FILE = "hack-the-north/Info.plist";
				LD_RUNPATH_SEARCH_PATHS = "$(inherited) @executable_path/Frameworks";
				PRODUCT_NAME = "$(TARGET_NAME)";
			};
			name = Release;
		};
		B2BCCB6C1BAD414300267B94 /* Debug */ = {
			isa = XCBuildConfiguration;
			buildSettings = {
				BUNDLE_LOADER = "$(TEST_HOST)";
				FRAMEWORK_SEARCH_PATHS = (
					"$(SDKROOT)/Developer/Library/Frameworks",
					"$(inherited)",
				);
				GCC_PREPROCESSOR_DEFINITIONS = (
					"DEBUG=1",
					"$(inherited)",
				);
				INFOPLIST_FILE = "hack-the-northTests/Info.plist";
				LD_RUNPATH_SEARCH_PATHS = "$(inherited) @executable_path/Frameworks @loader_path/Frameworks";
				PRODUCT_NAME = "$(TARGET_NAME)";
				TEST_HOST = "$(BUILT_PRODUCTS_DIR)/hack-the-north.app/hack-the-north";
			};
			name = Debug;
		};
		B2BCCB6D1BAD414300267B94 /* Release */ = {
			isa = XCBuildConfiguration;
			buildSettings = {
				BUNDLE_LOADER = "$(TEST_HOST)";
				FRAMEWORK_SEARCH_PATHS = (
					"$(SDKROOT)/Developer/Library/Frameworks",
					"$(inherited)",
				);
				INFOPLIST_FILE = "hack-the-northTests/Info.plist";
				LD_RUNPATH_SEARCH_PATHS = "$(inherited) @executable_path/Frameworks @loader_path/Frameworks";
				PRODUCT_NAME = "$(TARGET_NAME)";
				TEST_HOST = "$(BUILT_PRODUCTS_DIR)/hack-the-north.app/hack-the-north";
			};
			name = Release;
		};
/* End XCBuildConfiguration section */

/* Begin XCConfigurationList section */
		B2BCCB441BAD414300267B94 /* Build configuration list for PBXProject "hack-the-north" */ = {
			isa = XCConfigurationList;
			buildConfigurations = (
				B2BCCB661BAD414300267B94 /* Debug */,
				B2BCCB671BAD414300267B94 /* Release */,
			);
			defaultConfigurationIsVisible = 0;
			defaultConfigurationName = Release;
		};
		B2BCCB681BAD414300267B94 /* Build configuration list for PBXNativeTarget "hack-the-north" */ = {
			isa = XCConfigurationList;
			buildConfigurations = (
				B2BCCB691BAD414300267B94 /* Debug */,
				B2BCCB6A1BAD414300267B94 /* Release */,
			);
			defaultConfigurationIsVisible = 0;
			defaultConfigurationName = Release;
		};
		B2BCCB6B1BAD414300267B94 /* Build configuration list for PBXNativeTarget "hack-the-northTests" */ = {
			isa = XCConfigurationList;
			buildConfigurations = (
				B2BCCB6C1BAD414300267B94 /* Debug */,
				B2BCCB6D1BAD414300267B94 /* Release */,
			);
			defaultConfigurationIsVisible = 0;
			defaultConfigurationName = Release;
		};
/* End XCConfigurationList section */
	};
	rootObject = B2BCCB411BAD414300267B94 /* Project object */;
}
